
Microsoft Visual Studio Solution File, Format Version 12.00
# Visual Studio Version 17
VisualStudioVersion = 17.3.32922.545
MinimumVisualStudioVersion = 10.0.40219.1
Project("{FAE04EC0-301F-11D3-BF4B-00C04F79EFBC}") = "ChatApp", "ChatApp\ChatApp.csproj", "{8FABDC30-5D24-4F2B-99BE-AB82384429A0}"
EndProject
Global
	GlobalSection(SolutionConfigurationPlatforms) = preSolution
		Debug|Any CPU = Debug|Any CPU
		Release|Any CPU = Release|Any CPU
	EndGlobalSection
	GlobalSection(ProjectConfigurationPlatforms) = postSolution
		{8FABDC30-5D24-4F2B-99BE-AB82384429A0}.Debug|Any CPU.ActiveCfg = Debug|Any CPU
		{8FABDC30-5D24-4F2B-99BE-AB82384429A0}.Debug|Any CPU.Build.0 = Debug|Any CPU
		{8FABDC30-5D24-4F2B-99BE-AB82384429A0}.Release|Any CPU.ActiveCfg = Release|Any CPU
		{8FABDC30-5D24-4F2B-99BE-AB82384429A0}.Release|Any CPU.Build.0 = Release|Any CPU
	EndGlobalSection
	GlobalSection(SolutionProperties) = preSolution
		HideSolutionNode = FALSE
	EndGlobalSection
	GlobalSection(ExtensibilityGlobals) = postSolution
		SolutionGuid = {BE8699B6-5B4E-4021-9E55-099E35DF72EC}
	EndGlobalSection
EndGlobal
