
Microsoft Visual Studio Solution File, Format Version 12.00
# Visual Studio Version 17
VisualStudioVersion = 17.3.32901.215
MinimumVisualStudioVersion = 10.0.40219.1
Project("{FAE04EC0-301F-11D3-BF4B-00C04F79EFBC}") = "01_데이터베이스", "01_데이터베이스\01_데이터베이스.csproj", "{39AE865C-18A3-4AA1-9C74-041422D89112}"
EndProject
Project("{FAE04EC0-301F-11D3-BF4B-00C04F79EFBC}") = "FileInfoSave", "FileInfoSave\FileInfoSave.csproj", "{B61C2B85-8D83-4422-BF97-558F60FECC4B}"
EndProject
Global
	GlobalSection(SolutionConfigurationPlatforms) = preSolution
		Debug|Any CPU = Debug|Any CPU
		Release|Any CPU = Release|Any CPU
	EndGlobalSection
	GlobalSection(ProjectConfigurationPlatforms) = postSolution
		{39AE865C-18A3-4AA1-9C74-041422D89112}.Debug|Any CPU.ActiveCfg = Debug|Any CPU
		{39AE865C-18A3-4AA1-9C74-041422D89112}.Debug|Any CPU.Build.0 = Debug|Any CPU
		{39AE865C-18A3-4AA1-9C74-041422D89112}.Release|Any CPU.ActiveCfg = Release|Any CPU
		{39AE865C-18A3-4AA1-9C74-041422D89112}.Release|Any CPU.Build.0 = Release|Any CPU
		{B61C2B85-8D83-4422-BF97-558F60FECC4B}.Debug|Any CPU.ActiveCfg = Debug|Any CPU
		{B61C2B85-8D83-4422-BF97-558F60FECC4B}.Debug|Any CPU.Build.0 = Debug|Any CPU
		{B61C2B85-8D83-4422-BF97-558F60FECC4B}.Release|Any CPU.ActiveCfg = Release|Any CPU
		{B61C2B85-8D83-4422-BF97-558F60FECC4B}.Release|Any CPU.Build.0 = Release|Any CPU
	EndGlobalSection
	GlobalSection(SolutionProperties) = preSolution
		HideSolutionNode = FALSE
	EndGlobalSection
	GlobalSection(ExtensibilityGlobals) = postSolution
		SolutionGuid = {53D74F17-C22D-4500-85DB-B55BF1F00EC9}
	EndGlobalSection
EndGlobal
