
Microsoft Visual Studio Solution File, Format Version 12.00
# Visual Studio 14
VisualStudioVersion = 14.0.25420.1
MinimumVisualStudioVersion = 10.0.40219.1
Project("{FAE04EC0-301F-11D3-BF4B-00C04F79EFBC}") = "Ex03_01_AssingmentStApp", "Ex03_01_AssingmentStApp\Ex03_01_AssingmentStApp.csproj", "{0AA1C38E-73D5-45E5-9CEB-027BC21CD609}"
EndProject
Project("{FAE04EC0-301F-11D3-BF4B-00C04F79EFBC}") = "Ex03_02_CompoundStApp", "Ex03_02_CompoundStApp\Ex03_02_CompoundStApp.csproj", "{448F108F-0DD9-4C27-9E9E-092E8FB2A1EC}"
EndProject
Project("{FAE04EC0-301F-11D3-BF4B-00C04F79EFBC}") = "Ex03_03_AnotherBlockApp", "Ex03_03_AnotherBlockApp\Ex03_03_AnotherBlockApp.csproj", "{04627B7E-3C38-4FB3-A177-E65CC56559CD}"
EndProject
Project("{FAE04EC0-301F-11D3-BF4B-00C04F79EFBC}") = "Ex03_04_LocalVariableApp", "Ex03_04_LocalVariableApp\Ex03_04_LocalVariableApp.csproj", "{AEC004DD-2DB2-407F-BD04-F4C6746905B0}"
EndProject
Project("{FAE04EC0-301F-11D3-BF4B-00C04F79EFBC}") = "Ex03_05_IfStApp", "Ex03_05_IfStApp\Ex03_05_IfStApp.csproj", "{6F540D3C-3429-402F-9168-0A972C498182}"
EndProject
Project("{FAE04EC0-301F-11D3-BF4B-00C04F79EFBC}") = "Ex03_06_IfElseStApp", "Ex03_06_IfElseStApp\Ex03_06_IfElseStApp.csproj", "{E7B5A05C-03C1-4E80-90AB-287601847EA7}"
EndProject
Project("{FAE04EC0-301F-11D3-BF4B-00C04F79EFBC}") = "Ex03_07_NestedIfApp", "Ex03_07_NestedIfApp\Ex03_07_NestedIfApp.csproj", "{82369E47-6586-4D69-ACAE-ADB5A29DA834}"
EndProject
Project("{FAE04EC0-301F-11D3-BF4B-00C04F79EFBC}") = "Ex03_08_SwitchStApp", "Ex03_08_SwitchStApp\Ex03_08_SwitchStApp.csproj", "{A52643BA-D718-4FB2-864A-F561CF761E65}"
EndProject
Project("{FAE04EC0-301F-11D3-BF4B-00C04F79EFBC}") = "Ex03_09_SwitchStWithStringApp", "Ex03_09_SwitchStWithStringApp\Ex03_09_SwitchStWithStringApp.csproj", "{9884E522-BB72-4769-B908-90EBEF68CE93}"
EndProject
Project("{FAE04EC0-301F-11D3-BF4B-00C04F79EFBC}") = "Ex03_10_CalculatorApp", "Ex03_10_CalculatorApp\Ex03_10_CalculatorApp.csproj", "{3337D2E6-DB6B-445D-9B0A-197629B90E23}"
EndProject
Project("{FAE04EC0-301F-11D3-BF4B-00C04F79EFBC}") = "Ex03_11_ForStApp", "Ex03_11_ForStApp\Ex03_11_ForStApp.csproj", "{394B8584-E21A-4D23-87F9-A949720160DD}"
EndProject
Project("{FAE04EC0-301F-11D3-BF4B-00C04F79EFBC}") = "Ex03_12_PrintMatrixApp", "Ex03_12_PrintMatrixApp\Ex03_12_PrintMatrixApp.csproj", "{9B7C51FA-0F87-4BD9-8198-9853B7C9F5A4}"
EndProject
Project("{FAE04EC0-301F-11D3-BF4B-00C04F79EFBC}") = "Ex03_13_WhileStApp", "Ex03_13_WhileStApp\Ex03_13_WhileStApp.csproj", "{3FA34463-8E68-4DE2-B213-EBE371C8F76F}"
EndProject
Project("{FAE04EC0-301F-11D3-BF4B-00C04F79EFBC}") = "Ex03_14_DoWhileStApp", "Ex03_14_DoWhileStApp\Ex03_14_DoWhileStApp.csproj", "{920014E4-05D6-46A5-87B6-4FF949C42EA0}"
EndProject
Project("{FAE04EC0-301F-11D3-BF4B-00C04F79EFBC}") = "Ex03_15_ForeachStApp", "Ex03_15_ForeachStApp\Ex03_15_ForeachStApp.csproj", "{25AC788E-5963-4DEA-BE8B-B16E5B26668F}"
EndProject
Project("{FAE04EC0-301F-11D3-BF4B-00C04F79EFBC}") = "Ex03_16_BreakStApp", "Ex03_16_BreakStApp\Ex03_16_BreakStApp.csproj", "{8A79ED54-A70B-4B09-BAD9-E26E5E8C534F}"
EndProject
Project("{FAE04EC0-301F-11D3-BF4B-00C04F79EFBC}") = "Ex03_17_ContinueStApp", "Ex03_17_ContinueStApp\Ex03_17_ContinueStApp.csproj", "{3A9AB0B4-D571-459F-958B-AAC48122DEFE}"
EndProject
Project("{FAE04EC0-301F-11D3-BF4B-00C04F79EFBC}") = "Ex03_18_JumpStApp", "Ex03_18_JumpStAPP\Ex03_18_JumpStApp.csproj", "{45044513-2930-4F37-AA74-07BF0AD35BEB}"
EndProject
Project("{FAE04EC0-301F-11D3-BF4B-00C04F79EFBC}") = "Ex03_19_OverflowApp", "Ex03_19_OverflowApp\Ex03_19_OverflowApp.csproj", "{B1F8078B-7F93-48C8-8501-D6755F187927}"
EndProject
Project("{FAE04EC0-301F-11D3-BF4B-00C04F79EFBC}") = "Ex03_20_SimpleIOApp", "Ex03_20_SimpleIOApp\Ex03_20_SimpleIOApp.csproj", "{00A00A45-4506-4AD4-8120-EC429B480B07}"
EndProject
Project("{FAE04EC0-301F-11D3-BF4B-00C04F79EFBC}") = "Ex03_21_ReadLineApp", "Ex03_21_ReadLineApp\Ex03_21_ReadLineApp.csproj", "{E3CFE706-C9A2-449C-9822-42F69EB617DB}"
EndProject
Project("{FAE04EC0-301F-11D3-BF4B-00C04F79EFBC}") = "Ex03_22_ReadIntegerApp", "Ex03_22_ReadIntegerApp\Ex03_22_ReadIntegerApp.csproj", "{ABBE8882-7361-4718-BDBD-9EFC797D5AF8}"
EndProject
Project("{FAE04EC0-301F-11D3-BF4B-00C04F79EFBC}") = "Ex03_23_FormattedOutputApp", "Ex03_23_FormattedOutputApp\Ex03_23_FormattedOutputApp.csproj", "{767C9D3F-ACB0-4F2C-8545-3C99DC876812}"
EndProject
Global
	GlobalSection(SolutionConfigurationPlatforms) = preSolution
		Debug|Any CPU = Debug|Any CPU
		Release|Any CPU = Release|Any CPU
	EndGlobalSection
	GlobalSection(ProjectConfigurationPlatforms) = postSolution
		{0AA1C38E-73D5-45E5-9CEB-027BC21CD609}.Debug|Any CPU.ActiveCfg = Debug|Any CPU
		{0AA1C38E-73D5-45E5-9CEB-027BC21CD609}.Debug|Any CPU.Build.0 = Debug|Any CPU
		{0AA1C38E-73D5-45E5-9CEB-027BC21CD609}.Release|Any CPU.ActiveCfg = Release|Any CPU
		{0AA1C38E-73D5-45E5-9CEB-027BC21CD609}.Release|Any CPU.Build.0 = Release|Any CPU
		{448F108F-0DD9-4C27-9E9E-092E8FB2A1EC}.Debug|Any CPU.ActiveCfg = Debug|Any CPU
		{448F108F-0DD9-4C27-9E9E-092E8FB2A1EC}.Debug|Any CPU.Build.0 = Debug|Any CPU
		{448F108F-0DD9-4C27-9E9E-092E8FB2A1EC}.Release|Any CPU.ActiveCfg = Release|Any CPU
		{448F108F-0DD9-4C27-9E9E-092E8FB2A1EC}.Release|Any CPU.Build.0 = Release|Any CPU
		{04627B7E-3C38-4FB3-A177-E65CC56559CD}.Debug|Any CPU.ActiveCfg = Debug|Any CPU
		{04627B7E-3C38-4FB3-A177-E65CC56559CD}.Debug|Any CPU.Build.0 = Debug|Any CPU
		{04627B7E-3C38-4FB3-A177-E65CC56559CD}.Release|Any CPU.ActiveCfg = Release|Any CPU
		{04627B7E-3C38-4FB3-A177-E65CC56559CD}.Release|Any CPU.Build.0 = Release|Any CPU
		{AEC004DD-2DB2-407F-BD04-F4C6746905B0}.Debug|Any CPU.ActiveCfg = Debug|Any CPU
		{AEC004DD-2DB2-407F-BD04-F4C6746905B0}.Debug|Any CPU.Build.0 = Debug|Any CPU
		{AEC004DD-2DB2-407F-BD04-F4C6746905B0}.Release|Any CPU.ActiveCfg = Release|Any CPU
		{AEC004DD-2DB2-407F-BD04-F4C6746905B0}.Release|Any CPU.Build.0 = Release|Any CPU
		{6F540D3C-3429-402F-9168-0A972C498182}.Debug|Any CPU.ActiveCfg = Debug|Any CPU
		{6F540D3C-3429-402F-9168-0A972C498182}.Debug|Any CPU.Build.0 = Debug|Any CPU
		{6F540D3C-3429-402F-9168-0A972C498182}.Release|Any CPU.ActiveCfg = Release|Any CPU
		{6F540D3C-3429-402F-9168-0A972C498182}.Release|Any CPU.Build.0 = Release|Any CPU
		{E7B5A05C-03C1-4E80-90AB-287601847EA7}.Debug|Any CPU.ActiveCfg = Debug|Any CPU
		{E7B5A05C-03C1-4E80-90AB-287601847EA7}.Debug|Any CPU.Build.0 = Debug|Any CPU
		{E7B5A05C-03C1-4E80-90AB-287601847EA7}.Release|Any CPU.ActiveCfg = Release|Any CPU
		{E7B5A05C-03C1-4E80-90AB-287601847EA7}.Release|Any CPU.Build.0 = Release|Any CPU
		{82369E47-6586-4D69-ACAE-ADB5A29DA834}.Debug|Any CPU.ActiveCfg = Debug|Any CPU
		{82369E47-6586-4D69-ACAE-ADB5A29DA834}.Debug|Any CPU.Build.0 = Debug|Any CPU
		{82369E47-6586-4D69-ACAE-ADB5A29DA834}.Release|Any CPU.ActiveCfg = Release|Any CPU
		{82369E47-6586-4D69-ACAE-ADB5A29DA834}.Release|Any CPU.Build.0 = Release|Any CPU
		{A52643BA-D718-4FB2-864A-F561CF761E65}.Debug|Any CPU.ActiveCfg = Debug|Any CPU
		{A52643BA-D718-4FB2-864A-F561CF761E65}.Debug|Any CPU.Build.0 = Debug|Any CPU
		{A52643BA-D718-4FB2-864A-F561CF761E65}.Release|Any CPU.ActiveCfg = Release|Any CPU
		{A52643BA-D718-4FB2-864A-F561CF761E65}.Release|Any CPU.Build.0 = Release|Any CPU
		{9884E522-BB72-4769-B908-90EBEF68CE93}.Debug|Any CPU.ActiveCfg = Debug|Any CPU
		{9884E522-BB72-4769-B908-90EBEF68CE93}.Debug|Any CPU.Build.0 = Debug|Any CPU
		{9884E522-BB72-4769-B908-90EBEF68CE93}.Release|Any CPU.ActiveCfg = Release|Any CPU
		{9884E522-BB72-4769-B908-90EBEF68CE93}.Release|Any CPU.Build.0 = Release|Any CPU
		{3337D2E6-DB6B-445D-9B0A-197629B90E23}.Debug|Any CPU.ActiveCfg = Debug|Any CPU
		{3337D2E6-DB6B-445D-9B0A-197629B90E23}.Debug|Any CPU.Build.0 = Debug|Any CPU
		{3337D2E6-DB6B-445D-9B0A-197629B90E23}.Release|Any CPU.ActiveCfg = Release|Any CPU
		{3337D2E6-DB6B-445D-9B0A-197629B90E23}.Release|Any CPU.Build.0 = Release|Any CPU
		{394B8584-E21A-4D23-87F9-A949720160DD}.Debug|Any CPU.ActiveCfg = Debug|Any CPU
		{394B8584-E21A-4D23-87F9-A949720160DD}.Debug|Any CPU.Build.0 = Debug|Any CPU
		{394B8584-E21A-4D23-87F9-A949720160DD}.Release|Any CPU.ActiveCfg = Release|Any CPU
		{394B8584-E21A-4D23-87F9-A949720160DD}.Release|Any CPU.Build.0 = Release|Any CPU
		{9B7C51FA-0F87-4BD9-8198-9853B7C9F5A4}.Debug|Any CPU.ActiveCfg = Debug|Any CPU
		{9B7C51FA-0F87-4BD9-8198-9853B7C9F5A4}.Debug|Any CPU.Build.0 = Debug|Any CPU
		{9B7C51FA-0F87-4BD9-8198-9853B7C9F5A4}.Release|Any CPU.ActiveCfg = Release|Any CPU
		{9B7C51FA-0F87-4BD9-8198-9853B7C9F5A4}.Release|Any CPU.Build.0 = Release|Any CPU
		{3FA34463-8E68-4DE2-B213-EBE371C8F76F}.Debug|Any CPU.ActiveCfg = Debug|Any CPU
		{3FA34463-8E68-4DE2-B213-EBE371C8F76F}.Debug|Any CPU.Build.0 = Debug|Any CPU
		{3FA34463-8E68-4DE2-B213-EBE371C8F76F}.Release|Any CPU.ActiveCfg = Release|Any CPU
		{3FA34463-8E68-4DE2-B213-EBE371C8F76F}.Release|Any CPU.Build.0 = Release|Any CPU
		{920014E4-05D6-46A5-87B6-4FF949C42EA0}.Debug|Any CPU.ActiveCfg = Debug|Any CPU
		{920014E4-05D6-46A5-87B6-4FF949C42EA0}.Debug|Any CPU.Build.0 = Debug|Any CPU
		{920014E4-05D6-46A5-87B6-4FF949C42EA0}.Release|Any CPU.ActiveCfg = Release|Any CPU
		{920014E4-05D6-46A5-87B6-4FF949C42EA0}.Release|Any CPU.Build.0 = Release|Any CPU
		{25AC788E-5963-4DEA-BE8B-B16E5B26668F}.Debug|Any CPU.ActiveCfg = Debug|Any CPU
		{25AC788E-5963-4DEA-BE8B-B16E5B26668F}.Debug|Any CPU.Build.0 = Debug|Any CPU
		{25AC788E-5963-4DEA-BE8B-B16E5B26668F}.Release|Any CPU.ActiveCfg = Release|Any CPU
		{25AC788E-5963-4DEA-BE8B-B16E5B26668F}.Release|Any CPU.Build.0 = Release|Any CPU
		{8A79ED54-A70B-4B09-BAD9-E26E5E8C534F}.Debug|Any CPU.ActiveCfg = Debug|Any CPU
		{8A79ED54-A70B-4B09-BAD9-E26E5E8C534F}.Debug|Any CPU.Build.0 = Debug|Any CPU
		{8A79ED54-A70B-4B09-BAD9-E26E5E8C534F}.Release|Any CPU.ActiveCfg = Release|Any CPU
		{8A79ED54-A70B-4B09-BAD9-E26E5E8C534F}.Release|Any CPU.Build.0 = Release|Any CPU
		{3A9AB0B4-D571-459F-958B-AAC48122DEFE}.Debug|Any CPU.ActiveCfg = Debug|Any CPU
		{3A9AB0B4-D571-459F-958B-AAC48122DEFE}.Debug|Any CPU.Build.0 = Debug|Any CPU
		{3A9AB0B4-D571-459F-958B-AAC48122DEFE}.Release|Any CPU.ActiveCfg = Release|Any CPU
		{3A9AB0B4-D571-459F-958B-AAC48122DEFE}.Release|Any CPU.Build.0 = Release|Any CPU
		{45044513-2930-4F37-AA74-07BF0AD35BEB}.Debug|Any CPU.ActiveCfg = Debug|Any CPU
		{45044513-2930-4F37-AA74-07BF0AD35BEB}.Debug|Any CPU.Build.0 = Debug|Any CPU
		{45044513-2930-4F37-AA74-07BF0AD35BEB}.Release|Any CPU.ActiveCfg = Release|Any CPU
		{45044513-2930-4F37-AA74-07BF0AD35BEB}.Release|Any CPU.Build.0 = Release|Any CPU
		{B1F8078B-7F93-48C8-8501-D6755F187927}.Debug|Any CPU.ActiveCfg = Debug|Any CPU
		{B1F8078B-7F93-48C8-8501-D6755F187927}.Debug|Any CPU.Build.0 = Debug|Any CPU
		{B1F8078B-7F93-48C8-8501-D6755F187927}.Release|Any CPU.ActiveCfg = Release|Any CPU
		{B1F8078B-7F93-48C8-8501-D6755F187927}.Release|Any CPU.Build.0 = Release|Any CPU
		{00A00A45-4506-4AD4-8120-EC429B480B07}.Debug|Any CPU.ActiveCfg = Debug|Any CPU
		{00A00A45-4506-4AD4-8120-EC429B480B07}.Debug|Any CPU.Build.0 = Debug|Any CPU
		{00A00A45-4506-4AD4-8120-EC429B480B07}.Release|Any CPU.ActiveCfg = Release|Any CPU
		{00A00A45-4506-4AD4-8120-EC429B480B07}.Release|Any CPU.Build.0 = Release|Any CPU
		{E3CFE706-C9A2-449C-9822-42F69EB617DB}.Debug|Any CPU.ActiveCfg = Debug|Any CPU
		{E3CFE706-C9A2-449C-9822-42F69EB617DB}.Debug|Any CPU.Build.0 = Debug|Any CPU
		{E3CFE706-C9A2-449C-9822-42F69EB617DB}.Release|Any CPU.ActiveCfg = Release|Any CPU
		{E3CFE706-C9A2-449C-9822-42F69EB617DB}.Release|Any CPU.Build.0 = Release|Any CPU
		{ABBE8882-7361-4718-BDBD-9EFC797D5AF8}.Debug|Any CPU.ActiveCfg = Debug|Any CPU
		{ABBE8882-7361-4718-BDBD-9EFC797D5AF8}.Debug|Any CPU.Build.0 = Debug|Any CPU
		{ABBE8882-7361-4718-BDBD-9EFC797D5AF8}.Release|Any CPU.ActiveCfg = Release|Any CPU
		{ABBE8882-7361-4718-BDBD-9EFC797D5AF8}.Release|Any CPU.Build.0 = Release|Any CPU
		{767C9D3F-ACB0-4F2C-8545-3C99DC876812}.Debug|Any CPU.ActiveCfg = Debug|Any CPU
		{767C9D3F-ACB0-4F2C-8545-3C99DC876812}.Debug|Any CPU.Build.0 = Debug|Any CPU
		{767C9D3F-ACB0-4F2C-8545-3C99DC876812}.Release|Any CPU.ActiveCfg = Release|Any CPU
		{767C9D3F-ACB0-4F2C-8545-3C99DC876812}.Release|Any CPU.Build.0 = Release|Any CPU
	EndGlobalSection
	GlobalSection(SolutionProperties) = preSolution
		HideSolutionNode = FALSE
	EndGlobalSection
EndGlobal
