
Microsoft Visual Studio Solution File, Format Version 12.00
# Visual Studio 14
VisualStudioVersion = 14.0.25420.1
MinimumVisualStudioVersion = 10.0.40219.1
Project("{FAE04EC0-301F-11D3-BF4B-00C04F79EFBC}") = "Ex07_02_LoadClosedEventApp", "Ex07_02_LoadClosedEventApp\Ex07_02_LoadClosedEventApp.csproj", "{373C0557-599E-4B51-B713-32F530AC8425}"
EndProject
Project("{FAE04EC0-301F-11D3-BF4B-00C04F79EFBC}") = "Ex07_03_PromptCloseApp", "Ex07_03_PromptCloseApp\Ex07_03_PromptCloseApp.csproj", "{A681236C-343F-4B9C-8D21-16C2BFF00F6E}"
EndProject
Project("{FAE04EC0-301F-11D3-BF4B-00C04F79EFBC}") = "Ex07_04_SizeVsClientSizeApp", "Ex07_04_SizeVsClientSizeApp\Ex07_04_SizeVsClientSizeApp.csproj", "{F7D713B6-1AFB-4FE4-AB42-9AF23383DCF2}"
EndProject
Project("{FAE04EC0-301F-11D3-BF4B-00C04F79EFBC}") = "Ex07_01_DisplayStartDateApp", "Ex07_01_DisplayStartDateApp\Ex07_01_DisplayStartDateApp.csproj", "{132750F0-8AB6-447C-BB6F-CB9C4EB194FC}"
EndProject
Project("{FAE04EC0-301F-11D3-BF4B-00C04F79EFBC}") = "Ex07_05_PaintEventApp", "Ex07_05_PaintEventApp\Ex07_05_PaintEventApp.csproj", "{76BEE31C-A650-49A9-B4BF-7ABF36B6E1F1}"
EndProject
Project("{FAE04EC0-301F-11D3-BF4B-00C04F79EFBC}") = "Ex07_06_MoveResizeApp", "Ex07_06_MoveResizeApp\Ex07_06_MoveResizeApp.csproj", "{57FE91BD-4DB7-4AD9-B25F-ABFCC101F843}"
EndProject
Project("{FAE04EC0-301F-11D3-BF4B-00C04F79EFBC}") = "Ex07_00", "Ex07_00\Ex07_00.csproj", "{45E4CF16-928B-4062-9906-759AFA263AAD}"
EndProject
Global
	GlobalSection(SolutionConfigurationPlatforms) = preSolution
		Debug|Any CPU = Debug|Any CPU
		Release|Any CPU = Release|Any CPU
	EndGlobalSection
	GlobalSection(ProjectConfigurationPlatforms) = postSolution
		{373C0557-599E-4B51-B713-32F530AC8425}.Debug|Any CPU.ActiveCfg = Debug|Any CPU
		{373C0557-599E-4B51-B713-32F530AC8425}.Debug|Any CPU.Build.0 = Debug|Any CPU
		{373C0557-599E-4B51-B713-32F530AC8425}.Release|Any CPU.ActiveCfg = Release|Any CPU
		{373C0557-599E-4B51-B713-32F530AC8425}.Release|Any CPU.Build.0 = Release|Any CPU
		{A681236C-343F-4B9C-8D21-16C2BFF00F6E}.Debug|Any CPU.ActiveCfg = Debug|Any CPU
		{A681236C-343F-4B9C-8D21-16C2BFF00F6E}.Debug|Any CPU.Build.0 = Debug|Any CPU
		{A681236C-343F-4B9C-8D21-16C2BFF00F6E}.Release|Any CPU.ActiveCfg = Release|Any CPU
		{A681236C-343F-4B9C-8D21-16C2BFF00F6E}.Release|Any CPU.Build.0 = Release|Any CPU
		{F7D713B6-1AFB-4FE4-AB42-9AF23383DCF2}.Debug|Any CPU.ActiveCfg = Debug|Any CPU
		{F7D713B6-1AFB-4FE4-AB42-9AF23383DCF2}.Debug|Any CPU.Build.0 = Debug|Any CPU
		{F7D713B6-1AFB-4FE4-AB42-9AF23383DCF2}.Release|Any CPU.ActiveCfg = Release|Any CPU
		{F7D713B6-1AFB-4FE4-AB42-9AF23383DCF2}.Release|Any CPU.Build.0 = Release|Any CPU
		{132750F0-8AB6-447C-BB6F-CB9C4EB194FC}.Debug|Any CPU.ActiveCfg = Debug|Any CPU
		{132750F0-8AB6-447C-BB6F-CB9C4EB194FC}.Debug|Any CPU.Build.0 = Debug|Any CPU
		{132750F0-8AB6-447C-BB6F-CB9C4EB194FC}.Release|Any CPU.ActiveCfg = Release|Any CPU
		{132750F0-8AB6-447C-BB6F-CB9C4EB194FC}.Release|Any CPU.Build.0 = Release|Any CPU
		{76BEE31C-A650-49A9-B4BF-7ABF36B6E1F1}.Debug|Any CPU.ActiveCfg = Debug|Any CPU
		{76BEE31C-A650-49A9-B4BF-7ABF36B6E1F1}.Debug|Any CPU.Build.0 = Debug|Any CPU
		{76BEE31C-A650-49A9-B4BF-7ABF36B6E1F1}.Release|Any CPU.ActiveCfg = Release|Any CPU
		{76BEE31C-A650-49A9-B4BF-7ABF36B6E1F1}.Release|Any CPU.Build.0 = Release|Any CPU
		{57FE91BD-4DB7-4AD9-B25F-ABFCC101F843}.Debug|Any CPU.ActiveCfg = Debug|Any CPU
		{57FE91BD-4DB7-4AD9-B25F-ABFCC101F843}.Debug|Any CPU.Build.0 = Debug|Any CPU
		{57FE91BD-4DB7-4AD9-B25F-ABFCC101F843}.Release|Any CPU.ActiveCfg = Release|Any CPU
		{57FE91BD-4DB7-4AD9-B25F-ABFCC101F843}.Release|Any CPU.Build.0 = Release|Any CPU
		{45E4CF16-928B-4062-9906-759AFA263AAD}.Debug|Any CPU.ActiveCfg = Debug|Any CPU
		{45E4CF16-928B-4062-9906-759AFA263AAD}.Debug|Any CPU.Build.0 = Debug|Any CPU
		{45E4CF16-928B-4062-9906-759AFA263AAD}.Release|Any CPU.ActiveCfg = Release|Any CPU
		{45E4CF16-928B-4062-9906-759AFA263AAD}.Release|Any CPU.Build.0 = Release|Any CPU
	EndGlobalSection
	GlobalSection(SolutionProperties) = preSolution
		HideSolutionNode = FALSE
	EndGlobalSection
EndGlobal
